// !$*UTF8*$!
{
	archiveVersion = 1;
	classes = {
	};
	objectVersion = 46;
	objects = {

/* Begin PBXBuildFile section */
		47B3F5511CD05EEC00582B4E /* AppDelegate.swift in Sources */ = {isa = PBXBuildFile; fileRef = 47B3F5501CD05EEC00582B4E /* AppDelegate.swift */; };
		47B3F5531CD05EEC00582B4E /* ViewController.swift in Sources */ = {isa = PBXBuildFile; fileRef = 47B3F5521CD05EEC00582B4E /* ViewController.swift */; };
		47B3F5561CD05EEC00582B4E /* Main.storyboard in Resources */ = {isa = PBXBuildFile; fileRef = 47B3F5541CD05EEC00582B4E /* Main.storyboard */; };
		47B3F5581CD05EEC00582B4E /* Assets.xcassets in Resources */ = {isa = PBXBuildFile; fileRef = 47B3F5571CD05EEC00582B4E /* Assets.xcassets */; };
		47B3F55B1CD05EEC00582B4E /* LaunchScreen.storyboard in Resources */ = {isa = PBXBuildFile; fileRef = 47B3F5591CD05EEC00582B4E /* LaunchScreen.storyboard */; };
		47B3F5641CD05F3300582B4E /* OpenGLView01.swift in Sources */ = {isa = PBXBuildFile; fileRef = 47B3F5631CD05F3300582B4E /* OpenGLView01.swift */; };
		47B3F5671CD068E400582B4E /* VertexShader.glsl in Resources */ = {isa = PBXBuildFile; fileRef = 47B3F5661CD068E400582B4E /* VertexShader.glsl */; };
		47B3F5691CD0690800582B4E /* FragmentShader.glsl in Resources */ = {isa = PBXBuildFile; fileRef = 47B3F5681CD0690800582B4E /* FragmentShader.glsl */; };
		47B3F56C1CD0694D00582B4E /* GLESUtils.swift in Sources */ = {isa = PBXBuildFile; fileRef = 47B3F56B1CD0694D00582B4E /* GLESUtils.swift */; };
		47B3F56E1CD06C0000582B4E /* OpenGLView02.swift in Sources */ = {isa = PBXBuildFile; fileRef = 47B3F56D1CD06C0000582B4E /* OpenGLView02.swift */; };
		47B3F5701CD0BF4B00582B4E /* OpenGLView03.swift in Sources */ = {isa = PBXBuildFile; fileRef = 47B3F56F1CD0BF4B00582B4E /* OpenGLView03.swift */; };
		47B3F5761CD0CDEC00582B4E /* ksMatrix.c in Sources */ = {isa = PBXBuildFile; fileRef = 47B3F5721CD0CDEC00582B4E /* ksMatrix.c */; };
		47B3F5771CD0CDEC00582B4E /* ksVector.c in Sources */ = {isa = PBXBuildFile; fileRef = 47B3F5741CD0CDEC00582B4E /* ksVector.c */; };
/* End PBXBuildFile section */

/* Begin PBXFileReference section */
		47B3F54D1CD05EEC00582B4E /* OpenGLESTutorial.app */ = {isa = PBXFileReference; explicitFileType = wrapper.application; includeInIndex = 0; path = OpenGLESTutorial.app; sourceTree = BUILT_PRODUCTS_DIR; };
		47B3F5501CD05EEC00582B4E /* AppDelegate.swift */ = {isa = PBXFileReference; lastKnownFileType = sourcecode.swift; path = AppDelegate.swift; sourceTree = "<group>"; };
		47B3F5521CD05EEC00582B4E /* ViewController.swift */ = {isa = PBXFileReference; lastKnownFileType = sourcecode.swift; path = ViewController.swift; sourceTree = "<group>"; };
		47B3F5551CD05EEC00582B4E /* Base */ = {isa = PBXFileReference; lastKnownFileType = file.storyboard; name = Base; path = Base.lproj/Main.storyboard; sourceTree = "<group>"; };
		47B3F5571CD05EEC00582B4E /* Assets.xcassets */ = {isa = PBXFileReference; lastKnownFileType = folder.assetcatalog; path = Assets.xcassets; sourceTree = "<group>"; };
		47B3F55A1CD05EEC00582B4E /* Base */ = {isa = PBXFileReference; lastKnownFileType = file.storyboard; name = Base; path = Base.lproj/LaunchScreen.storyboard; sourceTree = "<group>"; };
		47B3F55C1CD05EEC00582B4E /* Info.plist */ = {isa = PBXFileReference; lastKnownFileType = text.plist.xml; path = Info.plist; sourceTree = "<group>"; };
		47B3F5631CD05F3300582B4E /* OpenGLView01.swift */ = {isa = PBXFileReference; fileEncoding = 4; lastKnownFileType = sourcecode.swift; path = OpenGLView01.swift; sourceTree = "<group>"; };
		47B3F5661CD068E400582B4E /* VertexShader.glsl */ = {isa = PBXFileReference; fileEncoding = 4; lastKnownFileType = text; path = VertexShader.glsl; sourceTree = "<group>"; };
		47B3F5681CD0690800582B4E /* FragmentShader.glsl */ = {isa = PBXFileReference; fileEncoding = 4; lastKnownFileType = text; path = FragmentShader.glsl; sourceTree = "<group>"; };
		47B3F56B1CD0694D00582B4E /* GLESUtils.swift */ = {isa = PBXFileReference; fileEncoding = 4; lastKnownFileType = sourcecode.swift; path = GLESUtils.swift; sourceTree = "<group>"; };
		47B3F56D1CD06C0000582B4E /* OpenGLView02.swift */ = {isa = PBXFileReference; fileEncoding = 4; lastKnownFileType = sourcecode.swift; path = OpenGLView02.swift; sourceTree = "<group>"; };
		47B3F56F1CD0BF4B00582B4E /* OpenGLView03.swift */ = {isa = PBXFileReference; fileEncoding = 4; lastKnownFileType = sourcecode.swift; path = OpenGLView03.swift; sourceTree = "<group>"; };
		47B3F5711CD0CDEC00582B4E /* OpenGLESTutorial-Bridging-Header.h */ = {isa = PBXFileReference; lastKnownFileType = sourcecode.c.h; path = "OpenGLESTutorial-Bridging-Header.h"; sourceTree = "<group>"; };
		47B3F5721CD0CDEC00582B4E /* ksMatrix.c */ = {isa = PBXFileReference; fileEncoding = 4; lastKnownFileType = sourcecode.c.c; path = ksMatrix.c; sourceTree = "<group>"; };
		47B3F5731CD0CDEC00582B4E /* ksMatrix.h */ = {isa = PBXFileReference; fileEncoding = 4; lastKnownFileType = sourcecode.c.h; path = ksMatrix.h; sourceTree = "<group>"; };
		47B3F5741CD0CDEC00582B4E /* ksVector.c */ = {isa = PBXFileReference; fileEncoding = 4; lastKnownFileType = sourcecode.c.c; path = ksVector.c; sourceTree = "<group>"; };
		47B3F5751CD0CDEC00582B4E /* ksVector.h */ = {isa = PBXFileReference; fileEncoding = 4; lastKnownFileType = sourcecode.c.h; path = ksVector.h; sourceTree = "<group>"; };
/* End PBXFileReference section */

/* Begin PBXFrameworksBuildPhase section */
		47B3F54A1CD05EEC00582B4E /* Frameworks */ = {
			isa = PBXFrameworksBuildPhase;
			buildActionMask = 2147483647;
			files = (
			);
			runOnlyForDeploymentPostprocessing = 0;
		};
/* End PBXFrameworksBuildPhase section */

/* Begin PBXGroup section */
		47B3F5441CD05EEC00582B4E = {
			isa = PBXGroup;
			children = (
				47B3F54F1CD05EEC00582B4E /* OpenGLESTutorial */,
				47B3F54E1CD05EEC00582B4E /* Products */,
			);
			sourceTree = "<group>";
		};
		47B3F54E1CD05EEC00582B4E /* Products */ = {
			isa = PBXGroup;
			children = (
				47B3F54D1CD05EEC00582B4E /* OpenGLESTutorial.app */,
			);
			name = Products;
			sourceTree = "<group>";
		};
		47B3F54F1CD05EEC00582B4E /* OpenGLESTutorial */ = {
			isa = PBXGroup;
			children = (
				47B3F56A1CD0693800582B4E /* Utils */,
				47B3F5651CD068CD00582B4E /* GLSL */,
				47B3F5621CD05F0E00582B4E /* Tutorial */,
				47B3F5501CD05EEC00582B4E /* AppDelegate.swift */,
				47B3F5521CD05EEC00582B4E /* ViewController.swift */,
				47B3F5541CD05EEC00582B4E /* Main.storyboard */,
				47B3F5571CD05EEC00582B4E /* Assets.xcassets */,
				47B3F5591CD05EEC00582B4E /* LaunchScreen.storyboard */,
				47B3F55C1CD05EEC00582B4E /* Info.plist */,
			);
			path = OpenGLESTutorial;
			sourceTree = "<group>";
		};
		47B3F5621CD05F0E00582B4E /* Tutorial */ = {
			isa = PBXGroup;
			children = (
				47B3F5631CD05F3300582B4E /* OpenGLView01.swift */,
				47B3F56D1CD06C0000582B4E /* OpenGLView02.swift */,
				47B3F56F1CD0BF4B00582B4E /* OpenGLView03.swift */,
			);
			path = Tutorial;
			sourceTree = "<group>";
		};
		47B3F5651CD068CD00582B4E /* GLSL */ = {
			isa = PBXGroup;
			children = (
				47B3F5661CD068E400582B4E /* VertexShader.glsl */,
				47B3F5681CD0690800582B4E /* FragmentShader.glsl */,
			);
			path = GLSL;
			sourceTree = "<group>";
		};
		47B3F56A1CD0693800582B4E /* Utils */ = {
			isa = PBXGroup;
			children = (
				47B3F56B1CD0694D00582B4E /* GLESUtils.swift */,
				47B3F5721CD0CDEC00582B4E /* ksMatrix.c */,
				47B3F5731CD0CDEC00582B4E /* ksMatrix.h */,
				47B3F5741CD0CDEC00582B4E /* ksVector.c */,
				47B3F5751CD0CDEC00582B4E /* ksVector.h */,
				47B3F5711CD0CDEC00582B4E /* OpenGLESTutorial-Bridging-Header.h */,
			);
			path = Utils;
			sourceTree = "<group>";
		};
/* End PBXGroup section */

/* Begin PBXNativeTarget section */
		47B3F54C1CD05EEC00582B4E /* OpenGLESTutorial */ = {
			isa = PBXNativeTarget;
			buildConfigurationList = 47B3F55F1CD05EEC00582B4E /* Build configuration list for PBXNativeTarget "OpenGLESTutorial" */;
			buildPhases = (
				47B3F5491CD05EEC00582B4E /* Sources */,
				47B3F54A1CD05EEC00582B4E /* Frameworks */,
				47B3F54B1CD05EEC00582B4E /* Resources */,
			);
			buildRules = (
			);
			dependencies = (
			);
			name = OpenGLESTutorial;
			productName = OpenGLESTutorial;
			productReference = 47B3F54D1CD05EEC00582B4E /* OpenGLESTutorial.app */;
			productType = "com.apple.product-type.application";
		};
/* End PBXNativeTarget section */

/* Begin PBXProject section */
		47B3F5451CD05EEC00582B4E /* Project object */ = {
			isa = PBXProject;
			attributes = {
				LastSwiftUpdateCheck = 0730;
				LastUpgradeCheck = 0730;
				ORGANIZATIONNAME = zhongzhendong;
				TargetAttributes = {
					47B3F54C1CD05EEC00582B4E = {
						CreatedOnToolsVersion = 7.3;
					};
				};
			};
			buildConfigurationList = 47B3F5481CD05EEC00582B4E /* Build configuration list for PBXProject "OpenGLESTutorial" */;
			compatibilityVersion = "Xcode 3.2";
			developmentRegion = English;
			hasScannedForEncodings = 0;
			knownRegions = (
				en,
				Base,
			);
			mainGroup = 47B3F5441CD05EEC00582B4E;
			productRefGroup = 47B3F54E1CD05EEC00582B4E /* Products */;
			projectDirPath = "";
			projectRoot = "";
			targets = (
				47B3F54C1CD05EEC00582B4E /* OpenGLESTutorial */,
			);
		};
/* End PBXProject section */

/* Begin PBXResourcesBuildPhase section */
		47B3F54B1CD05EEC00582B4E /* Resources */ = {
			isa = PBXResourcesBuildPhase;
			buildActionMask = 2147483647;
			files = (
				47B3F55B1CD05EEC00582B4E /* LaunchScreen.storyboard in Resources */,
				47B3F5581CD05EEC00582B4E /* Assets.xcassets in Resources */,
				47B3F5671CD068E400582B4E /* VertexShader.glsl in Resources */,
				47B3F5561CD05EEC00582B4E /* Main.storyboard in Resources */,
				47B3F5691CD0690800582B4E /* FragmentShader.glsl in Resources */,
			);
			runOnlyForDeploymentPostprocessing = 0;
		};
/* End PBXResourcesBuildPhase section */

/* Begin PBXSourcesBuildPhase section */
		47B3F5491CD05EEC00582B4E /* Sources */ = {
			isa = PBXSourcesBuildPhase;
			buildActionMask = 2147483647;
			files = (
				47B3F5761CD0CDEC00582B4E /* ksMatrix.c in Sources */,
				47B3F56E1CD06C0000582B4E /* OpenGLView02.swift in Sources */,
				47B3F5531CD05EEC00582B4E /* ViewController.swift in Sources */,
				47B3F5641CD05F3300582B4E /* OpenGLView01.swift in Sources */,
				47B3F5771CD0CDEC00582B4E /* ksVector.c in Sources */,
				47B3F56C1CD0694D00582B4E /* GLESUtils.swift in Sources */,
				47B3F5701CD0BF4B00582B4E /* OpenGLView03.swift in Sources */,
				47B3F5511CD05EEC00582B4E /* AppDelegate.swift in Sources */,
			);
			runOnlyForDeploymentPostprocessing = 0;
		};
/* End PBXSourcesBuildPhase section */

/* Begin PBXVariantGroup section */
		47B3F5541CD05EEC00582B4E /* Main.storyboard */ = {
			isa = PBXVariantGroup;
			children = (
				47B3F5551CD05EEC00582B4E /* Base */,
			);
			name = Main.storyboard;
			sourceTree = "<group>";
		};
		47B3F5591CD05EEC00582B4E /* LaunchScreen.storyboard */ = {
			isa = PBXVariantGroup;
			children = (
				47B3F55A1CD05EEC00582B4E /* Base */,
			);
			name = LaunchScreen.storyboard;
			sourceTree = "<group>";
		};
/* End PBXVariantGroup section */

/* Begin XCBuildConfiguration section */
		47B3F55D1CD05EEC00582B4E /* Debug */ = {
			isa = XCBuildConfiguration;
			buildSettings = {
				ALWAYS_SEARCH_USER_PATHS = NO;
				CLANG_ANALYZER_NONNULL = YES;
				CLANG_CXX_LANGUAGE_STANDARD = "gnu++0x";
				CLANG_CXX_LIBRARY = "libc++";
				CLANG_ENABLE_MODULES = YES;
				CLANG_ENABLE_OBJC_ARC = YES;
				CLANG_WARN_BOOL_CONVERSION = YES;
				CLANG_WARN_CONSTANT_CONVERSION = YES;
				CLANG_WARN_DIRECT_OBJC_ISA_USAGE = YES_ERROR;
				CLANG_WARN_EMPTY_BODY = YES;
				CLANG_WARN_ENUM_CONVERSION = YES;
				CLANG_WARN_INT_CONVERSION = YES;
				CLANG_WARN_OBJC_ROOT_CLASS = YES_ERROR;
				CLANG_WARN_UNREACHABLE_CODE = YES;
				CLANG_WARN__DUPLICATE_METHOD_MATCH = YES;
				"CODE_SIGN_IDENTITY[sdk=iphoneos*]" = "iPhone Developer";
				COPY_PHASE_STRIP = NO;
				DEBUG_INFORMATION_FORMAT = dwarf;
				ENABLE_STRICT_OBJC_MSGSEND = YES;
				ENABLE_TESTABILITY = YES;
				GCC_C_LANGUAGE_STANDARD = gnu99;
				GCC_DYNAMIC_NO_PIC = NO;
				GCC_NO_COMMON_BLOCKS = YES;
				GCC_OPTIMIZATION_LEVEL = 0;
				GCC_PREPROCESSOR_DEFINITIONS = (
					"DEBUG=1",
					"$(inherited)",
				);
				GCC_WARN_64_TO_32_BIT_CONVERSION = YES;
				GCC_WARN_ABOUT_RETURN_TYPE = YES_ERROR;
				GCC_WARN_UNDECLARED_SELECTOR = YES;
				GCC_WARN_UNINITIALIZED_AUTOS = YES_AGGRESSIVE;
				GCC_WARN_UNUSED_FUNCTION = YES;
				GCC_WARN_UNUSED_VARIABLE = YES;
				IPHONEOS_DEPLOYMENT_TARGET = 9.3;
				MTL_ENABLE_DEBUG_INFO = YES;
				ONLY_ACTIVE_ARCH = YES;
				SDKROOT = iphoneos;
				SWIFT_OPTIMIZATION_LEVEL = "-Onone";
				TARGETED_DEVICE_FAMILY = "1,2";
			};
			name = Debug;
		};
		47B3F55E1CD05EEC00582B4E /* Release */ = {
			isa = XCBuildConfiguration;
			buildSettings = {
				ALWAYS_SEARCH_USER_PATHS = NO;
				CLANG_ANALYZER_NONNULL = YES;
				CLANG_CXX_LANGUAGE_STANDARD = "gnu++0x";
				CLANG_CXX_LIBRARY = "libc++";
				CLANG_ENABLE_MODULES = YES;
				CLANG_ENABLE_OBJC_ARC = YES;
				CLANG_WARN_BOOL_CONVERSION = YES;
				CLANG_WARN_CONSTANT_CONVERSION = YES;
				CLANG_WARN_DIRECT_OBJC_ISA_USAGE = YES_ERROR;
				CLANG_WARN_EMPTY_BODY = YES;
				CLANG_WARN_ENUM_CONVERSION = YES;
				CLANG_WARN_INT_CONVERSION = YES;
				CLANG_WARN_OBJC_ROOT_CLASS = YES_ERROR;
				CLANG_WARN_UNREACHABLE_CODE = YES;
				CLANG_WARN__DUPLICATE_METHOD_MATCH = YES;
				"CODE_SIGN_IDENTITY[sdk=iphoneos*]" = "iPhone Developer";
				COPY_PHASE_STRIP = NO;
				DEBUG_INFORMATION_FORMAT = "dwarf-with-dsym";
				ENABLE_NS_ASSERTIONS = NO;
				ENABLE_STRICT_OBJC_MSGSEND = YES;
				GCC_C_LANGUAGE_STANDARD = gnu99;
				GCC_NO_COMMON_BLOCKS = YES;
				GCC_WARN_64_TO_32_BIT_CONVERSION = YES;
				GCC_WARN_ABOUT_RETURN_TYPE = YES_ERROR;
				GCC_WARN_UNDECLARED_SELECTOR = YES;
				GCC_WARN_UNINITIALIZED_AUTOS = YES_AGGRESSIVE;
				GCC_WARN_UNUSED_FUNCTION = YES;
				GCC_WARN_UNUSED_VARIABLE = YES;
				IPHONEOS_DEPLOYMENT_TARGET = 9.3;
				MTL_ENABLE_DEBUG_INFO = NO;
				SDKROOT = iphoneos;
				TARGETED_DEVICE_FAMILY = "1,2";
				VALIDATE_PRODUCT = YES;
			};
			name = Release;
		};
		47B3F5601CD05EEC00582B4E /* Debug */ = {
			isa = XCBuildConfiguration;
			buildSettings = {
				ASSETCATALOG_COMPILER_APPICON_NAME = AppIcon;
				CLANG_ENABLE_MODULES = YES;
				INFOPLIST_FILE = OpenGLESTutorial/Info.plist;
				LD_RUNPATH_SEARCH_PATHS = "$(inherited) @executable_path/Frameworks";
				PRODUCT_BUNDLE_IDENTIFIER = com.zerdzhong.OpenGLESTutorial;
				PRODUCT_NAME = "$(TARGET_NAME)";
				SWIFT_OBJC_BRIDGING_HEADER = "OpenGLESTutorial/Utils/OpenGLESTutorial-Bridging-Header.h";
				SWIFT_OPTIMIZATION_LEVEL = "-Onone";
			};
			name = Debug;
		};
		47B3F5611CD05EEC00582B4E /* Release */ = {
			isa = XCBuildConfiguration;
			buildSettings = {
				ASSETCATALOG_COMPILER_APPICON_NAME = AppIcon;
				CLANG_ENABLE_MODULES = YES;
				INFOPLIST_FILE = OpenGLESTutorial/Info.plist;
				LD_RUNPATH_SEARCH_PATHS = "$(inherited) @executable_path/Frameworks";
				PRODUCT_BUNDLE_IDENTIFIER = com.zerdzhong.OpenGLESTutorial;
				PRODUCT_NAME = "$(TARGET_NAME)";
				SWIFT_OBJC_BRIDGING_HEADER = "OpenGLESTutorial/Utils/OpenGLESTutorial-Bridging-Header.h";
			};
			name = Release;
		};
/* End XCBuildConfiguration section */

/* Begin XCConfigurationList section */
		47B3F5481CD05EEC00582B4E /* Build configuration list for PBXProject "OpenGLESTutorial" */ = {
			isa = XCConfigurationList;
			buildConfigurations = (
				47B3F55D1CD05EEC00582B4E /* Debug */,
				47B3F55E1CD05EEC00582B4E /* Release */,
			);
			defaultConfigurationIsVisible = 0;
			defaultConfigurationName = Release;
		};
		47B3F55F1CD05EEC00582B4E /* Build configuration list for PBXNativeTarget "OpenGLESTutorial" */ = {
			isa = XCConfigurationList;
			buildConfigurations = (
				47B3F5601CD05EEC00582B4E /* Debug */,
				47B3F5611CD05EEC00582B4E /* Release */,
			);
			defaultConfigurationIsVisible = 0;
		};
/* End XCConfigurationList section */
	};
	rootObject = 47B3F5451CD05EEC00582B4E /* Project object */;
}
